
Microsoft Visual Studio Solution File, Format Version 12.00
# Visual Studio Version 16
VisualStudioVersion = 16.0.30002.166
MinimumVisualStudioVersion = 10.0.40219.1
Project("{FAE04EC0-301F-11D3-BF4B-00C04F79EFBC}") = "SubModule Template", "SubModule Template\SubModule Template.csproj", "{F060CC65-482E-4533-9784-64A605DF03D3}"
EndProject
Global
	GlobalSection(SolutionConfigurationPlatforms) = preSolution
		Debug|Any CPU = Debug|Any CPU
		Release|Any CPU = Release|Any CPU
	EndGlobalSection
	GlobalSection(ProjectConfigurationPlatforms) = postSolution
		{F060CC65-482E-4533-9784-64A605DF03D3}.Debug|Any CPU.ActiveCfg = Debug|Any CPU
		{F060CC65-482E-4533-9784-64A605DF03D3}.Debug|Any CPU.Build.0 = Debug|Any CPU
		{F060CC65-482E-4533-9784-64A605DF03D3}.Release|Any CPU.ActiveCfg = Release|Any CPU
		{F060CC65-482E-4533-9784-64A605DF03D3}.Release|Any CPU.Build.0 = Release|Any CPU
	EndGlobalSection
	GlobalSection(SolutionProperties) = preSolution
		HideSolutionNode = FALSE
	EndGlobalSection
	GlobalSection(ExtensibilityGlobals) = postSolution
		SolutionGuid = {980AFB28-E62F-4633-B9FE-D9C8CF9991A9}
	EndGlobalSection
EndGlobal
